
Microsoft Visual Studio Solution File, Format Version 12.00
# Visual Studio Version 17
VisualStudioVersion = 17.3.32901.215
MinimumVisualStudioVersion = 10.0.40219.1
Project("{FAE04EC0-301F-11D3-BF4B-00C04F79EFBC}") = "ExercicioMetodos6", "ExercicioMetodos6\ExercicioMetodos6.csproj", "{49A9E8C2-BF15-4B52-A255-6158F723D423}"
EndProject
Global
	GlobalSection(SolutionConfigurationPlatforms) = preSolution
		Debug|Any CPU = Debug|Any CPU
		Release|Any CPU = Release|Any CPU
	EndGlobalSection
	GlobalSection(ProjectConfigurationPlatforms) = postSolution
		{49A9E8C2-BF15-4B52-A255-6158F723D423}.Debug|Any CPU.ActiveCfg = Debug|Any CPU
		{49A9E8C2-BF15-4B52-A255-6158F723D423}.Debug|Any CPU.Build.0 = Debug|Any CPU
		{49A9E8C2-BF15-4B52-A255-6158F723D423}.Release|Any CPU.ActiveCfg = Release|Any CPU
		{49A9E8C2-BF15-4B52-A255-6158F723D423}.Release|Any CPU.Build.0 = Release|Any CPU
	EndGlobalSection
	GlobalSection(SolutionProperties) = preSolution
		HideSolutionNode = FALSE
	EndGlobalSection
	GlobalSection(ExtensibilityGlobals) = postSolution
		SolutionGuid = {D25D6652-EC51-4100-944B-36CDA9332804}
	EndGlobalSection
EndGlobal
