
Microsoft Visual Studio Solution File, Format Version 12.00
# Visual Studio Version 17
VisualStudioVersion = 17.3.32901.215
MinimumVisualStudioVersion = 10.0.40219.1
Project("{FAE04EC0-301F-11D3-BF4B-00C04F79EFBC}") = "ExercicioLivro", "ExercicioLivro\ExercicioLivro.csproj", "{41ECB763-B9DC-4F77-981B-3CF5134F7F7A}"
EndProject
Global
	GlobalSection(SolutionConfigurationPlatforms) = preSolution
		Debug|Any CPU = Debug|Any CPU
		Release|Any CPU = Release|Any CPU
	EndGlobalSection
	GlobalSection(ProjectConfigurationPlatforms) = postSolution
		{41ECB763-B9DC-4F77-981B-3CF5134F7F7A}.Debug|Any CPU.ActiveCfg = Debug|Any CPU
		{41ECB763-B9DC-4F77-981B-3CF5134F7F7A}.Debug|Any CPU.Build.0 = Debug|Any CPU
		{41ECB763-B9DC-4F77-981B-3CF5134F7F7A}.Release|Any CPU.ActiveCfg = Release|Any CPU
		{41ECB763-B9DC-4F77-981B-3CF5134F7F7A}.Release|Any CPU.Build.0 = Release|Any CPU
	EndGlobalSection
	GlobalSection(SolutionProperties) = preSolution
		HideSolutionNode = FALSE
	EndGlobalSection
	GlobalSection(ExtensibilityGlobals) = postSolution
		SolutionGuid = {0EE329BC-D92D-4822-A684-363147DFEE16}
	EndGlobalSection
EndGlobal
