
Microsoft Visual Studio Solution File, Format Version 12.00
# Visual Studio Version 17
VisualStudioVersion = 17.3.32901.215
MinimumVisualStudioVersion = 10.0.40219.1
Project("{FAE04EC0-301F-11D3-BF4B-00C04F79EFBC}") = "ExercicioMetodos", "ExercicioMetodos\ExercicioMetodos.csproj", "{0826F107-B24B-45DA-AE85-C4A5E19C0965}"
EndProject
Global
	GlobalSection(SolutionConfigurationPlatforms) = preSolution
		Debug|Any CPU = Debug|Any CPU
		Release|Any CPU = Release|Any CPU
	EndGlobalSection
	GlobalSection(ProjectConfigurationPlatforms) = postSolution
		{0826F107-B24B-45DA-AE85-C4A5E19C0965}.Debug|Any CPU.ActiveCfg = Debug|Any CPU
		{0826F107-B24B-45DA-AE85-C4A5E19C0965}.Debug|Any CPU.Build.0 = Debug|Any CPU
		{0826F107-B24B-45DA-AE85-C4A5E19C0965}.Release|Any CPU.ActiveCfg = Release|Any CPU
		{0826F107-B24B-45DA-AE85-C4A5E19C0965}.Release|Any CPU.Build.0 = Release|Any CPU
	EndGlobalSection
	GlobalSection(SolutionProperties) = preSolution
		HideSolutionNode = FALSE
	EndGlobalSection
	GlobalSection(ExtensibilityGlobals) = postSolution
		SolutionGuid = {382BB115-EB4C-49A7-8DA9-8180151D4EB0}
	EndGlobalSection
EndGlobal
