
Microsoft Visual Studio Solution File, Format Version 12.00
# Visual Studio Version 17
VisualStudioVersion = 17.3.32901.215
MinimumVisualStudioVersion = 10.0.40219.1
Project("{FAE04EC0-301F-11D3-BF4B-00C04F79EFBC}") = "ExemplosCriar00", "ExemplosCriar00\ExemplosCriar00.csproj", "{11B93070-C667-417E-B3EC-9698674946FB}"
EndProject
Global
	GlobalSection(SolutionConfigurationPlatforms) = preSolution
		Debug|Any CPU = Debug|Any CPU
		Release|Any CPU = Release|Any CPU
	EndGlobalSection
	GlobalSection(ProjectConfigurationPlatforms) = postSolution
		{11B93070-C667-417E-B3EC-9698674946FB}.Debug|Any CPU.ActiveCfg = Debug|Any CPU
		{11B93070-C667-417E-B3EC-9698674946FB}.Debug|Any CPU.Build.0 = Debug|Any CPU
		{11B93070-C667-417E-B3EC-9698674946FB}.Release|Any CPU.ActiveCfg = Release|Any CPU
		{11B93070-C667-417E-B3EC-9698674946FB}.Release|Any CPU.Build.0 = Release|Any CPU
	EndGlobalSection
	GlobalSection(SolutionProperties) = preSolution
		HideSolutionNode = FALSE
	EndGlobalSection
	GlobalSection(ExtensibilityGlobals) = postSolution
		SolutionGuid = {C16648A9-5D80-4DB0-9456-6872ED9374A3}
	EndGlobalSection
EndGlobal
