
Microsoft Visual Studio Solution File, Format Version 12.00
# Visual Studio Version 17
VisualStudioVersion = 17.3.32901.215
MinimumVisualStudioVersion = 10.0.40219.1
Project("{FAE04EC0-301F-11D3-BF4B-00C04F79EFBC}") = "ExercicioMercadoEstoque", "ExercicioMercadoEstoque\ExercicioMercadoEstoque.csproj", "{0EF9ED46-DF99-4B4A-A61F-DE5D05CEE7DA}"
EndProject
Global
	GlobalSection(SolutionConfigurationPlatforms) = preSolution
		Debug|Any CPU = Debug|Any CPU
		Release|Any CPU = Release|Any CPU
	EndGlobalSection
	GlobalSection(ProjectConfigurationPlatforms) = postSolution
		{0EF9ED46-DF99-4B4A-A61F-DE5D05CEE7DA}.Debug|Any CPU.ActiveCfg = Debug|Any CPU
		{0EF9ED46-DF99-4B4A-A61F-DE5D05CEE7DA}.Debug|Any CPU.Build.0 = Debug|Any CPU
		{0EF9ED46-DF99-4B4A-A61F-DE5D05CEE7DA}.Release|Any CPU.ActiveCfg = Release|Any CPU
		{0EF9ED46-DF99-4B4A-A61F-DE5D05CEE7DA}.Release|Any CPU.Build.0 = Release|Any CPU
	EndGlobalSection
	GlobalSection(SolutionProperties) = preSolution
		HideSolutionNode = FALSE
	EndGlobalSection
	GlobalSection(ExtensibilityGlobals) = postSolution
		SolutionGuid = {4FF241BD-4C23-4B56-BDCF-0E14B63FBBE5}
	EndGlobalSection
EndGlobal
