
Microsoft Visual Studio Solution File, Format Version 12.00
# Visual Studio Version 17
VisualStudioVersion = 17.3.32929.385
MinimumVisualStudioVersion = 10.0.40219.1
Project("{FAE04EC0-301F-11D3-BF4B-00C04F79EFBC}") = "ExercicioAnimais", "ExercicioAnimais\ExercicioAnimais.csproj", "{2577CAD1-5E50-436F-BD20-76AF752EE485}"
EndProject
Global
	GlobalSection(SolutionConfigurationPlatforms) = preSolution
		Debug|Any CPU = Debug|Any CPU
		Release|Any CPU = Release|Any CPU
	EndGlobalSection
	GlobalSection(ProjectConfigurationPlatforms) = postSolution
		{2577CAD1-5E50-436F-BD20-76AF752EE485}.Debug|Any CPU.ActiveCfg = Debug|Any CPU
		{2577CAD1-5E50-436F-BD20-76AF752EE485}.Debug|Any CPU.Build.0 = Debug|Any CPU
		{2577CAD1-5E50-436F-BD20-76AF752EE485}.Release|Any CPU.ActiveCfg = Release|Any CPU
		{2577CAD1-5E50-436F-BD20-76AF752EE485}.Release|Any CPU.Build.0 = Release|Any CPU
	EndGlobalSection
	GlobalSection(SolutionProperties) = preSolution
		HideSolutionNode = FALSE
	EndGlobalSection
	GlobalSection(ExtensibilityGlobals) = postSolution
		SolutionGuid = {634233AE-045E-4F07-95AF-CB66B3D0E48B}
	EndGlobalSection
EndGlobal
