
Microsoft Visual Studio Solution File, Format Version 12.00
# Visual Studio Version 17
VisualStudioVersion = 17.3.32901.215
MinimumVisualStudioVersion = 10.0.40219.1
Project("{FAE04EC0-301F-11D3-BF4B-00C04F79EFBC}") = "ExemploEletronico", "ExemploEletronico\ExemploEletronico.csproj", "{8B088A44-36B3-4183-AC16-0E24DB17415C}"
EndProject
Global
	GlobalSection(SolutionConfigurationPlatforms) = preSolution
		Debug|Any CPU = Debug|Any CPU
		Release|Any CPU = Release|Any CPU
	EndGlobalSection
	GlobalSection(ProjectConfigurationPlatforms) = postSolution
		{8B088A44-36B3-4183-AC16-0E24DB17415C}.Debug|Any CPU.ActiveCfg = Debug|Any CPU
		{8B088A44-36B3-4183-AC16-0E24DB17415C}.Debug|Any CPU.Build.0 = Debug|Any CPU
		{8B088A44-36B3-4183-AC16-0E24DB17415C}.Release|Any CPU.ActiveCfg = Release|Any CPU
		{8B088A44-36B3-4183-AC16-0E24DB17415C}.Release|Any CPU.Build.0 = Release|Any CPU
	EndGlobalSection
	GlobalSection(SolutionProperties) = preSolution
		HideSolutionNode = FALSE
	EndGlobalSection
	GlobalSection(ExtensibilityGlobals) = postSolution
		SolutionGuid = {A57C15FB-F8F3-4D8B-9A4C-5932B7E59B3D}
	EndGlobalSection
EndGlobal
