
Microsoft Visual Studio Solution File, Format Version 12.00
# Visual Studio Version 17
VisualStudioVersion = 17.4.33110.190
MinimumVisualStudioVersion = 10.0.40219.1
Project("{FAE04EC0-301F-11D3-BF4B-00C04F79EFBC}") = "Exercicio2_Api_Web", "Exercicio2_Api_Web\Exercicio2_Api_Web.csproj", "{1EDD2B8F-D6C9-45B9-AE9C-096D207248EB}"
EndProject
Global
	GlobalSection(SolutionConfigurationPlatforms) = preSolution
		Debug|Any CPU = Debug|Any CPU
		Release|Any CPU = Release|Any CPU
	EndGlobalSection
	GlobalSection(ProjectConfigurationPlatforms) = postSolution
		{1EDD2B8F-D6C9-45B9-AE9C-096D207248EB}.Debug|Any CPU.ActiveCfg = Debug|Any CPU
		{1EDD2B8F-D6C9-45B9-AE9C-096D207248EB}.Debug|Any CPU.Build.0 = Debug|Any CPU
		{1EDD2B8F-D6C9-45B9-AE9C-096D207248EB}.Release|Any CPU.ActiveCfg = Release|Any CPU
		{1EDD2B8F-D6C9-45B9-AE9C-096D207248EB}.Release|Any CPU.Build.0 = Release|Any CPU
	EndGlobalSection
	GlobalSection(SolutionProperties) = preSolution
		HideSolutionNode = FALSE
	EndGlobalSection
	GlobalSection(ExtensibilityGlobals) = postSolution
		SolutionGuid = {9B133BD5-C140-4B3E-A320-BBC08773AC8C}
	EndGlobalSection
EndGlobal
